
Microsoft Visual Studio Solution File, Format Version 12.00
# Visual Studio 2013
VisualStudioVersion = 12.0.40629.0
MinimumVisualStudioVersion = 10.0.40219.1
Project("{2150E333-8FDC-42A3-9474-1A3956D46DE8}") = "Solution Items", "Solution Items", "{0A2D73EA-4DED-4D18-A766-B29396F4B0EE}"
	ProjectSection(SolutionItems) = preProject
		build.fsx = build.fsx
		paket.dependencies = paket.dependencies
	EndProjectSection
EndProject
Project("{F2A71F9B-5D33-465A-A702-920D77279786}") = "Informedica.GenSolver.Lib", "src\Informedica.GenSolver.Lib\Informedica.GenSolver.Lib.fsproj", "{0007AFE7-18BD-4A7D-971F-AD67FF22A16B}"
EndProject
Project("{2150E333-8FDC-42A3-9474-1A3956D46DE8}") = "docs", "docs", "{E11EFC1F-17C9-4FF1-AC74-3D99328AD5B0}"
	ProjectSection(SolutionItems) = preProject
		README.md = README.md
		RELEASE_NOTES.md = RELEASE_NOTES.md
	EndProjectSection
EndProject
Project("{2150E333-8FDC-42A3-9474-1A3956D46DE8}") = "tools", "tools", "{CCD8F2B7-CAF3-4649-BF3B-399A5FA13EF0}"
	ProjectSection(SolutionItems) = preProject
		docs\tools\generate.fsx = docs\tools\generate.fsx
	EndProjectSection
EndProject
Project("{F2A71F9B-5D33-465A-A702-920D77279786}") = "Informedica.GenSolver.Tests", "tests\Informedica.GenSolver.Tests\Informedica.GenSolver.Tests.fsproj", "{A03D800B-7636-4F46-A2CD-62FC4F5D3FFC}"
EndProject
Project("{2150E333-8FDC-42A3-9474-1A3956D46DE8}") = "content", "content", "{FB826CAB-ED02-45AB-B47D-8CDE6518DEE6}"
	ProjectSection(SolutionItems) = preProject
		docs\content\index.fsx = docs\content\index.fsx
		docs\content\medication.fsx = docs\content\medication.fsx
		docs\content\tutorial.fsx = docs\content\tutorial.fsx
	EndProjectSection
EndProject
Project("{2150E333-8FDC-42A3-9474-1A3956D46DE8}") = "scripts", "scripts", "{5A4BEFF1-FD17-4C44-A774-E84382B9186E}"
	ProjectSection(SolutionItems) = preProject
		scripts\Settings.fsx = scripts\Settings.fsx
	EndProjectSection
EndProject
Global
	GlobalSection(SolutionConfigurationPlatforms) = preSolution
		Debug|Any CPU = Debug|Any CPU
		Release|Any CPU = Release|Any CPU
	EndGlobalSection
	GlobalSection(ProjectConfigurationPlatforms) = postSolution
		{0007AFE7-18BD-4A7D-971F-AD67FF22A16B}.Debug|Any CPU.ActiveCfg = Debug|Any CPU
		{0007AFE7-18BD-4A7D-971F-AD67FF22A16B}.Debug|Any CPU.Build.0 = Debug|Any CPU
		{0007AFE7-18BD-4A7D-971F-AD67FF22A16B}.Release|Any CPU.ActiveCfg = Release|Any CPU
		{0007AFE7-18BD-4A7D-971F-AD67FF22A16B}.Release|Any CPU.Build.0 = Release|Any CPU
		{A03D800B-7636-4F46-A2CD-62FC4F5D3FFC}.Debug|Any CPU.ActiveCfg = Debug|Any CPU
		{A03D800B-7636-4F46-A2CD-62FC4F5D3FFC}.Debug|Any CPU.Build.0 = Debug|Any CPU
		{A03D800B-7636-4F46-A2CD-62FC4F5D3FFC}.Release|Any CPU.ActiveCfg = Release|Any CPU
		{A03D800B-7636-4F46-A2CD-62FC4F5D3FFC}.Release|Any CPU.Build.0 = Release|Any CPU
	EndGlobalSection
	GlobalSection(SolutionProperties) = preSolution
		HideSolutionNode = FALSE
	EndGlobalSection
	GlobalSection(NestedProjects) = preSolution
		{CCD8F2B7-CAF3-4649-BF3B-399A5FA13EF0} = {E11EFC1F-17C9-4FF1-AC74-3D99328AD5B0}
		{FB826CAB-ED02-45AB-B47D-8CDE6518DEE6} = {E11EFC1F-17C9-4FF1-AC74-3D99328AD5B0}
	EndGlobalSection
EndGlobal
